
Microsoft Visual Studio Solution File, Format Version 12.00
# Visual Studio Version 17
VisualStudioVersion = 17.14.36804.6 d17.14
MinimumVisualStudioVersion = 10.0.40219.1
Project("{FAE04EC0-301F-11D3-BF4B-00C04F79EFBC}") = "desk-manager", "desk-manager\desk-manager.csproj", "{B0364F2B-4D63-4DF5-B8C7-DBD7B268DC2F}"
EndProject
Global
	GlobalSection(SolutionConfigurationPlatforms) = preSolution
		Debug|Any CPU = Debug|Any CPU
		Release|Any CPU = Release|Any CPU
	EndGlobalSection
	GlobalSection(ProjectConfigurationPlatforms) = postSolution
		{B0364F2B-4D63-4DF5-B8C7-DBD7B268DC2F}.Debug|Any CPU.ActiveCfg = Debug|Any CPU
		{B0364F2B-4D63-4DF5-B8C7-DBD7B268DC2F}.Debug|Any CPU.Build.0 = Debug|Any CPU
		{B0364F2B-4D63-4DF5-B8C7-DBD7B268DC2F}.Release|Any CPU.ActiveCfg = Release|Any CPU
		{B0364F2B-4D63-4DF5-B8C7-DBD7B268DC2F}.Release|Any CPU.Build.0 = Release|Any CPU
	EndGlobalSection
	GlobalSection(SolutionProperties) = preSolution
		HideSolutionNode = FALSE
	EndGlobalSection
	GlobalSection(ExtensibilityGlobals) = postSolution
		SolutionGuid = {1817B6FE-E3EF-41A8-B16E-60B42EB28D92}
	EndGlobalSection
EndGlobal
